
Microsoft Visual Studio Solution File, Format Version 12.00
Project("{FAE04EC0-301F-11D3-BF4B-00C04F79EFBC}") = "BelkiOptimizer", "BelkiOptimizer\BelkiOptimizer.csproj", "{3108B4FD-9BF7-46BD-B486-AA0FFCECE6D7}"
EndProject
Project("{FAE04EC0-301F-11D3-BF4B-00C04F79EFBC}") = "BelkiOptimizer.Tests", "BelkiOptimizer.Tests\BelkiOptimizer.Tests.csproj", "{104F4396-525E-4969-B671-C5767B47AB61}"
EndProject
Global
	GlobalSection(SolutionConfigurationPlatforms) = preSolution
		Debug|Any CPU = Debug|Any CPU
		Release|Any CPU = Release|Any CPU
	EndGlobalSection
	GlobalSection(ProjectConfigurationPlatforms) = postSolution
		{3108B4FD-9BF7-46BD-B486-AA0FFCECE6D7}.Debug|Any CPU.ActiveCfg = Debug|Any CPU
		{3108B4FD-9BF7-46BD-B486-AA0FFCECE6D7}.Debug|Any CPU.Build.0 = Debug|Any CPU
		{3108B4FD-9BF7-46BD-B486-AA0FFCECE6D7}.Release|Any CPU.ActiveCfg = Release|Any CPU
		{3108B4FD-9BF7-46BD-B486-AA0FFCECE6D7}.Release|Any CPU.Build.0 = Release|Any CPU
		{104F4396-525E-4969-B671-C5767B47AB61}.Debug|Any CPU.ActiveCfg = Debug|Any CPU
		{104F4396-525E-4969-B671-C5767B47AB61}.Debug|Any CPU.Build.0 = Debug|Any CPU
		{104F4396-525E-4969-B671-C5767B47AB61}.Release|Any CPU.ActiveCfg = Release|Any CPU
		{104F4396-525E-4969-B671-C5767B47AB61}.Release|Any CPU.Build.0 = Release|Any CPU
	EndGlobalSection
EndGlobal
